github.com/dsncode/go-basic-datastructures v0.0.0-20240920032807-1e5b5919ba17 h1:99XBXHWNXA/Eq8moTdX3PAbIuYa/L3gqj5Ld3s5LPtI=
github.com/dsncode/go-basic-datastructures v0.0.0-20240920032807-1e5b5919ba17/go.mod h1:U9yMUSeLWKrTpQqvjt/W3CCkXnCDoc6KN6y8dYKZRMw=
github.com/dsncode/go-basic-datastructures v0.1.0 h1:C5mwh/EyFjxcft73Cf0h12yNqMitGVsI0IJNKTVunkQ=
github.com/dsncode/go-basic-datastructures v0.1.0/go.mod h1:U9yMUSeLWKrTpQqvjt/W3CCkXnCDoc6KN6y8dYKZRMw=
